
Microsoft Visual Studio Solution File, Format Version 12.00
# Visual Studio 2013
Project("{8BC9CEB8-8B4A-11D0-8D11-00A0C91BC942}") = "Avatar", "Avatar\Avatar.vcxproj", "{EB64B4E9-9D92-4B43-994E-08692557C3B5}"
EndProject
Global
	GlobalSection(SolutionConfigurationPlatforms) = preSolution
		Debug|Win32 = Debug|Win32
		DebugDLL|Win32 = DebugDLL|Win32
		Release|Win32 = Release|Win32
		ReleaseDLL|Win32 = ReleaseDLL|Win32
	EndGlobalSection
	GlobalSection(ProjectConfigurationPlatforms) = postSolution
		{EB64B4E9-9D92-4B43-994E-08692557C3B5}.Debug|Win32.ActiveCfg = Debug|Win32
		{EB64B4E9-9D92-4B43-994E-08692557C3B5}.Debug|Win32.Build.0 = Debug|Win32
		{EB64B4E9-9D92-4B43-994E-08692557C3B5}.DebugDLL|Win32.ActiveCfg = DebugDLL|Win32
		{EB64B4E9-9D92-4B43-994E-08692557C3B5}.DebugDLL|Win32.Build.0 = DebugDLL|Win32
		{EB64B4E9-9D92-4B43-994E-08692557C3B5}.Release|Win32.ActiveCfg = Release|Win32
		{EB64B4E9-9D92-4B43-994E-08692557C3B5}.Release|Win32.Build.0 = Release|Win32
		{EB64B4E9-9D92-4B43-994E-08692557C3B5}.ReleaseDLL|Win32.ActiveCfg = ReleaseDLL|Win32
		{EB64B4E9-9D92-4B43-994E-08692557C3B5}.ReleaseDLL|Win32.Build.0 = ReleaseDLL|Win32
	EndGlobalSection
	GlobalSection(SolutionProperties) = preSolution
		HideSolutionNode = FALSE
	EndGlobalSection
EndGlobal
